
Microsoft Visual Studio Solution File, Format Version 12.00
# Visual Studio Version 17
VisualStudioVersion = 17.0.31903.59
MinimumVisualStudioVersion = 10.0.40219.1
Project("{9A19103F-16F7-4668-BE54-9A1E7A4F7556}") = "BLEConsoleApp", "BLEConsoleApp\BLEConsoleApp.csproj", "{5C09BD0F-4896-4A2C-AD9B-88A6282A2B63}"
EndProject
Global
	GlobalSection(SolutionConfigurationPlatforms) = preSolution
		Debug|Any CPU = Debug|Any CPU
		Release|Any CPU = Release|Any CPU
	EndGlobalSection
	GlobalSection(ProjectConfigurationPlatforms) = postSolution
		{5C09BD0F-4896-4A2C-AD9B-88A6282A2B63}.Debug|Any CPU.ActiveCfg = Debug|Any CPU
		{5C09BD0F-4896-4A2C-AD9B-88A6282A2B63}.Debug|Any CPU.Build.0 = Debug|Any CPU
		{5C09BD0F-4896-4A2C-AD9B-88A6282A2B63}.Release|Any CPU.ActiveCfg = Release|Any CPU
		{5C09BD0F-4896-4A2C-AD9B-88A6282A2B63}.Release|Any CPU.Build.0 = Release|Any CPU
	EndGlobalSection
	GlobalSection(SolutionProperties) = preSolution
		HideSolutionNode = FALSE
	EndGlobalSection
	GlobalSection(ExtensibilityGlobals) = postSolution
		SolutionGuid = {30F5F31A-6CCE-4B83-8905-B1BA9D834B1F}
	EndGlobalSection
EndGlobal
